
Microsoft Visual Studio Solution File, Format Version 12.00
# Visual Studio Version 17
VisualStudioVersion = 17.8.34330.188
MinimumVisualStudioVersion = 10.0.40219.1
Project("{FAE04EC0-301F-11D3-BF4B-00C04F79EFBC}") = "SoapMovie", "SoapMovie.csproj", "{4EEED17C-C284-4DD9-BBF4-6A03707A9E45}"
EndProject
Global
	GlobalSection(SolutionConfigurationPlatforms) = preSolution
		Debug|Any CPU = Debug|Any CPU
		Release|Any CPU = Release|Any CPU
	EndGlobalSection
	GlobalSection(ProjectConfigurationPlatforms) = postSolution
		{4EEED17C-C284-4DD9-BBF4-6A03707A9E45}.Debug|Any CPU.ActiveCfg = Debug|Any CPU
		{4EEED17C-C284-4DD9-BBF4-6A03707A9E45}.Debug|Any CPU.Build.0 = Debug|Any CPU
		{4EEED17C-C284-4DD9-BBF4-6A03707A9E45}.Release|Any CPU.ActiveCfg = Release|Any CPU
		{4EEED17C-C284-4DD9-BBF4-6A03707A9E45}.Release|Any CPU.Build.0 = Release|Any CPU
	EndGlobalSection
	GlobalSection(SolutionProperties) = preSolution
		HideSolutionNode = FALSE
	EndGlobalSection
	GlobalSection(ExtensibilityGlobals) = postSolution
		SolutionGuid = {970F8426-6CBC-4DC4-82E0-67652FD68FC5}
	EndGlobalSection
EndGlobal
